{
  "name": "blep",
  "lockfileVersion": 2,
  "requires": true,
  "packages": {
    "": {
      "license": "Apache-2.0",
      "devDependencies": {
        "@types/node": "^14.14.22",
        "test262-parser-tests": "^0.0.5"
      }
    },
    "node_modules/@types/node": {
      "version": "14.14.22",
      "resolved": "https://registry.npmjs.org/@types/node/-/node-14.14.22.tgz",
      "integrity": "sha512-g+f/qj/cNcqKkc3tFqlXOYjrmZA+jNBiDzbP3kH+B+otKFqAdPgVTGP1IeKRdMml/aE69as5S4FqtxAbl+LaMw==",
      "dev": true
    },
    "node_modules/test262-parser-tests": {
      "version": "0.0.5",
      "resolved": "https://registry.yarnpkg.com/test262-parser-tests/-/test262-parser-tests-0.0.5.tgz",
      "integrity": "sha512-hg5TBO+rDo/aJy1XgHPIkcChIeLjD0kx/g37LtYmZuPR3WHabRpD1M3iY0m2C3eNk+HAlWiB09Wfc5jd9X8i7A==",
      "dev": true,
      "license": "SEE LICENSE IN licenses.md"
    }
  },
  "dependencies": {
    "@types/node": {
      "version": "14.14.22",
      "resolved": "https://registry.npmjs.org/@types/node/-/node-14.14.22.tgz",
      "integrity": "sha512-g+f/qj/cNcqKkc3tFqlXOYjrmZA+jNBiDzbP3kH+B+otKFqAdPgVTGP1IeKRdMml/aE69as5S4FqtxAbl+LaMw==",
      "dev": true
    },
    "test262-parser-tests": {
      "version": "0.0.5",
      "resolved": "https://registry.yarnpkg.com/test262-parser-tests/-/test262-parser-tests-0.0.5.tgz",
      "integrity": "sha512-hg5TBO+rDo/aJy1XgHPIkcChIeLjD0kx/g37LtYmZuPR3WHabRpD1M3iY0m2C3eNk+HAlWiB09Wfc5jd9X8i7A==",
      "dev": true
    }
  }
}
