# THIS IS AN AUTOGENERATED FILE. DO NOT EDIT THIS FILE DIRECTLY.
# yarn lockfile v1


test262-parser-tests@^0.0.5:
  version "0.0.5"
  resolved "https://registry.yarnpkg.com/test262-parser-tests/-/test262-parser-tests-0.0.5.tgz#995979361ad782a2c6cd1e11fc068f4acb3635ad"
  integrity sha512-hg5TBO+rDo/aJy1XgHPIkcChIeLjD0kx/g37LtYmZuPR3WHabRpD1M3iY0m2C3eNk+HAlWiB09Wfc5jd9X8i7A==
